
Microsoft Visual Studio Solution File, Format Version 12.00
# Visual Studio Version 17
VisualStudioVersion = 17.3.32611.2
MinimumVisualStudioVersion = 10.0.40219.1
Project("{9A19103F-16F7-4668-BE54-9A1E7A4F7556}") = "Vizyo.Display.Manager.Domain", "host\Vizyo.Display.Manager.Domain\Vizyo.Display.Manager.Domain.csproj", "{554AD327-6DBA-4F8F-96F8-81CE7A0C863F}"
EndProject
Project("{9A19103F-16F7-4668-BE54-9A1E7A4F7556}") = "Vizyo.Display.Manager.Application", "host\Vizyo.Display.Manager.Application\Vizyo.Display.Manager.Application.csproj", "{1A94A50E-06DC-43C1-80B5-B662820EC3EB}"
EndProject
Project("{9A19103F-16F7-4668-BE54-9A1E7A4F7556}") = "Vizyo.Display.Manager.EntityFrameworkCore", "host\Vizyo.Display.Manager.EntityFrameworkCore\Vizyo.Display.Manager.EntityFrameworkCore.csproj", "{C956DD76-69C8-4A9C-83EA-D17DF83340FD}"
EndProject
Project("{2150E333-8FDC-42A3-9474-1A3956D46DE8}") = "host", "host", "{CA9AC87F-097E-4F15-8393-4BC07735A5B0}"
EndProject
Project("{2150E333-8FDC-42A3-9474-1A3956D46DE8}") = "test", "test", "{04DBDB01-70F4-4E06-B468-8F87850B22BE}"
EndProject
Project("{9A19103F-16F7-4668-BE54-9A1E7A4F7556}") = "Vizyo.Display.Manager.Application.Tests", "test\Vizyo.Display.Manager.Application.Tests\Vizyo.Display.Manager.Application.Tests.csproj", "{50B2631D-129C-47B3-A587-029CCD6099BC}"
EndProject
Project("{9A19103F-16F7-4668-BE54-9A1E7A4F7556}") = "Vizyo.Display.Manager.Domain.Shared", "host\Vizyo.Display.Manager.Domain.Shared\Vizyo.Display.Manager.Domain.Shared.csproj", "{42F719ED-8413-4895-B5B4-5AB56079BC66}"
EndProject
Project("{9A19103F-16F7-4668-BE54-9A1E7A4F7556}") = "Vizyo.Display.Manager.Application.Contracts", "host\Vizyo.Display.Manager.Application.Contracts\Vizyo.Display.Manager.Application.Contracts.csproj", "{520659C8-C734-4298-A3DA-B539DB9DFC0B}"
EndProject
Project("{9A19103F-16F7-4668-BE54-9A1E7A4F7556}") = "Vizyo.Display.Manager.HttpApi", "host\Vizyo.Display.Manager.HttpApi\Vizyo.Display.Manager.HttpApi.csproj", "{4164BDF7-F527-4E85-9CE6-E3C2D7426A27}"
EndProject
Project("{9A19103F-16F7-4668-BE54-9A1E7A4F7556}") = "Vizyo.Display.Manager.HttpApi.Client", "host\Vizyo.Display.Manager.HttpApi.Client\Vizyo.Display.Manager.HttpApi.Client.csproj", "{3B5A0094-670D-4BB1-BFDD-61B88A8773DC}"
EndProject
Project("{9A19103F-16F7-4668-BE54-9A1E7A4F7556}") = "Vizyo.Display.Manager.EntityFrameworkCore.Tests", "test\Vizyo.Display.Manager.EntityFrameworkCore.Tests\Vizyo.Display.Manager.EntityFrameworkCore.Tests.csproj", "{1FE30EB9-74A9-47F5-A9F6-7B1FAB672D81}"
EndProject
Project("{9A19103F-16F7-4668-BE54-9A1E7A4F7556}") = "Vizyo.Display.Manager.TestBase", "test\Vizyo.Display.Manager.TestBase\Vizyo.Display.Manager.TestBase.csproj", "{91853F21-9CD9-4132-BC29-A7D5D84FFFE7}"
EndProject
Project("{9A19103F-16F7-4668-BE54-9A1E7A4F7556}") = "Vizyo.Display.Manager.Domain.Tests", "test\Vizyo.Display.Manager.Domain.Tests\Vizyo.Display.Manager.Domain.Tests.csproj", "{E512F4D9-9375-480F-A2F6-A46509F9D824}"
EndProject
Project("{9A19103F-16F7-4668-BE54-9A1E7A4F7556}") = "Vizyo.Display.Manager.HttpApi.Client.ConsoleTestApp", "test\Vizyo.Display.Manager.HttpApi.Client.ConsoleTestApp\Vizyo.Display.Manager.HttpApi.Client.ConsoleTestApp.csproj", "{EF480016-9127-4916-8735-D2466BDBC582}"
EndProject
Project("{9A19103F-16F7-4668-BE54-9A1E7A4F7556}") = "Vizyo.Display.Manager.DbMigrator", "host\Vizyo.Display.Manager.DbMigrator\Vizyo.Display.Manager.DbMigrator.csproj", "{70680696-BB1E-4383-BCB2-42C3767171FB}"
EndProject
Project("{9A19103F-16F7-4668-BE54-9A1E7A4F7556}") = "Vizyo.Display.Manager.Blazor", "host\Vizyo.Display.Manager.Blazor\Vizyo.Display.Manager.Blazor.csproj", "{B260FF0D-EA6D-4853-9967-DD7C999D6A5D}"
EndProject
Project("{2150E333-8FDC-42A3-9474-1A3956D46DE8}") = "app", "app", "{203B61A4-A9A0-4E46-8A4D-CCD8F39FC089}"
EndProject
Project("{FAE04EC0-301F-11D3-BF4B-00C04F79EFBC}") = "Vizyo.Display.Manager", "app\Vizyo.Display.Manager\Vizyo.Display.Manager.csproj", "{74700818-3A3D-4BC6-BEB5-C961362A6C4D}"
EndProject
Project("{FAE04EC0-301F-11D3-BF4B-00C04F79EFBC}") = "Vizyo.Display.Manager.Android", "app\Vizyo.Display.Manager.Android\Vizyo.Display.Manager.Android.csproj", "{EEC4D7E6-4129-4B76-87B9-5C937ED64830}"
EndProject
Project("{FAE04EC0-301F-11D3-BF4B-00C04F79EFBC}") = "Vizyo.Display.Manager.Desktop", "app\Vizyo.Display.Manager.Desktop\Vizyo.Display.Manager.Desktop.csproj", "{4DEB4A15-761B-4DA3-8F79-42D81229F6D2}"
EndProject
Project("{FAE04EC0-301F-11D3-BF4B-00C04F79EFBC}") = "Vizyo.Display.Manager.iOS", "app\Vizyo.Display.Manager.iOS\Vizyo.Display.Manager.iOS.csproj", "{A4825DDD-B042-4DE7-9F27-6C07518D0874}"
EndProject
Project("{FAE04EC0-301F-11D3-BF4B-00C04F79EFBC}") = "Vizyo.Display.Manager.Browser", "app\Vizyo.Display.Manager.Browser\Vizyo.Display.Manager.Browser.csproj", "{C4C4AD3F-DAE7-4C81-A2C9-1386C2BB60D9}"
EndProject
Project("{FAE04EC0-301F-11D3-BF4B-00C04F79EFBC}") = "Vizyo.Display.Manager.HostDesktop", "app\Vizyo.Display.Manager.HsotDesktop\Vizyo.Display.Manager.HostDesktop.csproj", "{538C4BFA-97A2-4060-B447-4186985F3956}"
EndProject
Global
	GlobalSection(SolutionConfigurationPlatforms) = preSolution
		Debug|Any CPU = Debug|Any CPU
		Release|Any CPU = Release|Any CPU
	EndGlobalSection
	GlobalSection(ProjectConfigurationPlatforms) = postSolution
		{554AD327-6DBA-4F8F-96F8-81CE7A0C863F}.Debug|Any CPU.ActiveCfg = Debug|Any CPU
		{554AD327-6DBA-4F8F-96F8-81CE7A0C863F}.Debug|Any CPU.Build.0 = Debug|Any CPU
		{554AD327-6DBA-4F8F-96F8-81CE7A0C863F}.Release|Any CPU.ActiveCfg = Release|Any CPU
		{554AD327-6DBA-4F8F-96F8-81CE7A0C863F}.Release|Any CPU.Build.0 = Release|Any CPU
		{1A94A50E-06DC-43C1-80B5-B662820EC3EB}.Debug|Any CPU.ActiveCfg = Debug|Any CPU
		{1A94A50E-06DC-43C1-80B5-B662820EC3EB}.Debug|Any CPU.Build.0 = Debug|Any CPU
		{1A94A50E-06DC-43C1-80B5-B662820EC3EB}.Release|Any CPU.ActiveCfg = Release|Any CPU
		{1A94A50E-06DC-43C1-80B5-B662820EC3EB}.Release|Any CPU.Build.0 = Release|Any CPU
		{C956DD76-69C8-4A9C-83EA-D17DF83340FD}.Debug|Any CPU.ActiveCfg = Debug|Any CPU
		{C956DD76-69C8-4A9C-83EA-D17DF83340FD}.Debug|Any CPU.Build.0 = Debug|Any CPU
		{C956DD76-69C8-4A9C-83EA-D17DF83340FD}.Release|Any CPU.ActiveCfg = Release|Any CPU
		{C956DD76-69C8-4A9C-83EA-D17DF83340FD}.Release|Any CPU.Build.0 = Release|Any CPU
		{50B2631D-129C-47B3-A587-029CCD6099BC}.Debug|Any CPU.ActiveCfg = Debug|Any CPU
		{50B2631D-129C-47B3-A587-029CCD6099BC}.Debug|Any CPU.Build.0 = Debug|Any CPU
		{50B2631D-129C-47B3-A587-029CCD6099BC}.Release|Any CPU.ActiveCfg = Release|Any CPU
		{50B2631D-129C-47B3-A587-029CCD6099BC}.Release|Any CPU.Build.0 = Release|Any CPU
		{42F719ED-8413-4895-B5B4-5AB56079BC66}.Debug|Any CPU.ActiveCfg = Debug|Any CPU
		{42F719ED-8413-4895-B5B4-5AB56079BC66}.Debug|Any CPU.Build.0 = Debug|Any CPU
		{42F719ED-8413-4895-B5B4-5AB56079BC66}.Release|Any CPU.ActiveCfg = Release|Any CPU
		{42F719ED-8413-4895-B5B4-5AB56079BC66}.Release|Any CPU.Build.0 = Release|Any CPU
		{520659C8-C734-4298-A3DA-B539DB9DFC0B}.Debug|Any CPU.ActiveCfg = Debug|Any CPU
		{520659C8-C734-4298-A3DA-B539DB9DFC0B}.Debug|Any CPU.Build.0 = Debug|Any CPU
		{520659C8-C734-4298-A3DA-B539DB9DFC0B}.Release|Any CPU.ActiveCfg = Release|Any CPU
		{520659C8-C734-4298-A3DA-B539DB9DFC0B}.Release|Any CPU.Build.0 = Release|Any CPU
		{4164BDF7-F527-4E85-9CE6-E3C2D7426A27}.Debug|Any CPU.ActiveCfg = Debug|Any CPU
		{4164BDF7-F527-4E85-9CE6-E3C2D7426A27}.Debug|Any CPU.Build.0 = Debug|Any CPU
		{4164BDF7-F527-4E85-9CE6-E3C2D7426A27}.Release|Any CPU.ActiveCfg = Release|Any CPU
		{4164BDF7-F527-4E85-9CE6-E3C2D7426A27}.Release|Any CPU.Build.0 = Release|Any CPU
		{3B5A0094-670D-4BB1-BFDD-61B88A8773DC}.Debug|Any CPU.ActiveCfg = Debug|Any CPU
		{3B5A0094-670D-4BB1-BFDD-61B88A8773DC}.Debug|Any CPU.Build.0 = Debug|Any CPU
		{3B5A0094-670D-4BB1-BFDD-61B88A8773DC}.Release|Any CPU.ActiveCfg = Release|Any CPU
		{3B5A0094-670D-4BB1-BFDD-61B88A8773DC}.Release|Any CPU.Build.0 = Release|Any CPU
		{1FE30EB9-74A9-47F5-A9F6-7B1FAB672D81}.Debug|Any CPU.ActiveCfg = Debug|Any CPU
		{1FE30EB9-74A9-47F5-A9F6-7B1FAB672D81}.Debug|Any CPU.Build.0 = Debug|Any CPU
		{1FE30EB9-74A9-47F5-A9F6-7B1FAB672D81}.Release|Any CPU.ActiveCfg = Release|Any CPU
		{1FE30EB9-74A9-47F5-A9F6-7B1FAB672D81}.Release|Any CPU.Build.0 = Release|Any CPU
		{91853F21-9CD9-4132-BC29-A7D5D84FFFE7}.Debug|Any CPU.ActiveCfg = Debug|Any CPU
		{91853F21-9CD9-4132-BC29-A7D5D84FFFE7}.Debug|Any CPU.Build.0 = Debug|Any CPU
		{91853F21-9CD9-4132-BC29-A7D5D84FFFE7}.Release|Any CPU.ActiveCfg = Release|Any CPU
		{91853F21-9CD9-4132-BC29-A7D5D84FFFE7}.Release|Any CPU.Build.0 = Release|Any CPU
		{E512F4D9-9375-480F-A2F6-A46509F9D824}.Debug|Any CPU.ActiveCfg = Debug|Any CPU
		{E512F4D9-9375-480F-A2F6-A46509F9D824}.Debug|Any CPU.Build.0 = Debug|Any CPU
		{E512F4D9-9375-480F-A2F6-A46509F9D824}.Release|Any CPU.ActiveCfg = Release|Any CPU
		{E512F4D9-9375-480F-A2F6-A46509F9D824}.Release|Any CPU.Build.0 = Release|Any CPU
		{EF480016-9127-4916-8735-D2466BDBC582}.Debug|Any CPU.ActiveCfg = Debug|Any CPU
		{EF480016-9127-4916-8735-D2466BDBC582}.Debug|Any CPU.Build.0 = Debug|Any CPU
		{EF480016-9127-4916-8735-D2466BDBC582}.Release|Any CPU.ActiveCfg = Release|Any CPU
		{EF480016-9127-4916-8735-D2466BDBC582}.Release|Any CPU.Build.0 = Release|Any CPU
		{70680696-BB1E-4383-BCB2-42C3767171FB}.Debug|Any CPU.ActiveCfg = Debug|Any CPU
		{70680696-BB1E-4383-BCB2-42C3767171FB}.Debug|Any CPU.Build.0 = Debug|Any CPU
		{70680696-BB1E-4383-BCB2-42C3767171FB}.Release|Any CPU.ActiveCfg = Release|Any CPU
		{70680696-BB1E-4383-BCB2-42C3767171FB}.Release|Any CPU.Build.0 = Release|Any CPU
		{B260FF0D-EA6D-4853-9967-DD7C999D6A5D}.Debug|Any CPU.ActiveCfg = Debug|Any CPU
		{B260FF0D-EA6D-4853-9967-DD7C999D6A5D}.Debug|Any CPU.Build.0 = Debug|Any CPU
		{B260FF0D-EA6D-4853-9967-DD7C999D6A5D}.Release|Any CPU.ActiveCfg = Release|Any CPU
		{B260FF0D-EA6D-4853-9967-DD7C999D6A5D}.Release|Any CPU.Build.0 = Release|Any CPU
		{74700818-3A3D-4BC6-BEB5-C961362A6C4D}.Debug|Any CPU.ActiveCfg = Debug|Any CPU
		{74700818-3A3D-4BC6-BEB5-C961362A6C4D}.Debug|Any CPU.Build.0 = Debug|Any CPU
		{74700818-3A3D-4BC6-BEB5-C961362A6C4D}.Release|Any CPU.ActiveCfg = Release|Any CPU
		{74700818-3A3D-4BC6-BEB5-C961362A6C4D}.Release|Any CPU.Build.0 = Release|Any CPU
		{EEC4D7E6-4129-4B76-87B9-5C937ED64830}.Debug|Any CPU.ActiveCfg = Debug|Any CPU
		{EEC4D7E6-4129-4B76-87B9-5C937ED64830}.Debug|Any CPU.Build.0 = Debug|Any CPU
		{EEC4D7E6-4129-4B76-87B9-5C937ED64830}.Debug|Any CPU.Deploy.0 = Debug|Any CPU
		{EEC4D7E6-4129-4B76-87B9-5C937ED64830}.Release|Any CPU.ActiveCfg = Release|Any CPU
		{EEC4D7E6-4129-4B76-87B9-5C937ED64830}.Release|Any CPU.Build.0 = Release|Any CPU
		{EEC4D7E6-4129-4B76-87B9-5C937ED64830}.Release|Any CPU.Deploy.0 = Release|Any CPU
		{4DEB4A15-761B-4DA3-8F79-42D81229F6D2}.Debug|Any CPU.ActiveCfg = Debug|Any CPU
		{4DEB4A15-761B-4DA3-8F79-42D81229F6D2}.Debug|Any CPU.Build.0 = Debug|Any CPU
		{4DEB4A15-761B-4DA3-8F79-42D81229F6D2}.Release|Any CPU.ActiveCfg = Release|Any CPU
		{4DEB4A15-761B-4DA3-8F79-42D81229F6D2}.Release|Any CPU.Build.0 = Release|Any CPU
		{A4825DDD-B042-4DE7-9F27-6C07518D0874}.Debug|Any CPU.ActiveCfg = Debug|Any CPU
		{A4825DDD-B042-4DE7-9F27-6C07518D0874}.Debug|Any CPU.Build.0 = Debug|Any CPU
		{A4825DDD-B042-4DE7-9F27-6C07518D0874}.Debug|Any CPU.Deploy.0 = Debug|Any CPU
		{A4825DDD-B042-4DE7-9F27-6C07518D0874}.Release|Any CPU.ActiveCfg = Release|Any CPU
		{A4825DDD-B042-4DE7-9F27-6C07518D0874}.Release|Any CPU.Build.0 = Release|Any CPU
		{A4825DDD-B042-4DE7-9F27-6C07518D0874}.Release|Any CPU.Deploy.0 = Release|Any CPU
		{C4C4AD3F-DAE7-4C81-A2C9-1386C2BB60D9}.Debug|Any CPU.ActiveCfg = Debug|Any CPU
		{C4C4AD3F-DAE7-4C81-A2C9-1386C2BB60D9}.Debug|Any CPU.Build.0 = Debug|Any CPU
		{C4C4AD3F-DAE7-4C81-A2C9-1386C2BB60D9}.Release|Any CPU.ActiveCfg = Release|Any CPU
		{C4C4AD3F-DAE7-4C81-A2C9-1386C2BB60D9}.Release|Any CPU.Build.0 = Release|Any CPU
		{538C4BFA-97A2-4060-B447-4186985F3956}.Debug|Any CPU.ActiveCfg = Debug|Any CPU
		{538C4BFA-97A2-4060-B447-4186985F3956}.Debug|Any CPU.Build.0 = Debug|Any CPU
		{538C4BFA-97A2-4060-B447-4186985F3956}.Release|Any CPU.ActiveCfg = Release|Any CPU
		{538C4BFA-97A2-4060-B447-4186985F3956}.Release|Any CPU.Build.0 = Release|Any CPU
	EndGlobalSection
	GlobalSection(SolutionProperties) = preSolution
		HideSolutionNode = FALSE
	EndGlobalSection
	GlobalSection(NestedProjects) = preSolution
		{554AD327-6DBA-4F8F-96F8-81CE7A0C863F} = {CA9AC87F-097E-4F15-8393-4BC07735A5B0}
		{1A94A50E-06DC-43C1-80B5-B662820EC3EB} = {CA9AC87F-097E-4F15-8393-4BC07735A5B0}
		{C956DD76-69C8-4A9C-83EA-D17DF83340FD} = {CA9AC87F-097E-4F15-8393-4BC07735A5B0}
		{50B2631D-129C-47B3-A587-029CCD6099BC} = {04DBDB01-70F4-4E06-B468-8F87850B22BE}
		{42F719ED-8413-4895-B5B4-5AB56079BC66} = {CA9AC87F-097E-4F15-8393-4BC07735A5B0}
		{520659C8-C734-4298-A3DA-B539DB9DFC0B} = {CA9AC87F-097E-4F15-8393-4BC07735A5B0}
		{4164BDF7-F527-4E85-9CE6-E3C2D7426A27} = {CA9AC87F-097E-4F15-8393-4BC07735A5B0}
		{3B5A0094-670D-4BB1-BFDD-61B88A8773DC} = {CA9AC87F-097E-4F15-8393-4BC07735A5B0}
		{1FE30EB9-74A9-47F5-A9F6-7B1FAB672D81} = {04DBDB01-70F4-4E06-B468-8F87850B22BE}
		{91853F21-9CD9-4132-BC29-A7D5D84FFFE7} = {04DBDB01-70F4-4E06-B468-8F87850B22BE}
		{E512F4D9-9375-480F-A2F6-A46509F9D824} = {04DBDB01-70F4-4E06-B468-8F87850B22BE}
		{EF480016-9127-4916-8735-D2466BDBC582} = {04DBDB01-70F4-4E06-B468-8F87850B22BE}
		{70680696-BB1E-4383-BCB2-42C3767171FB} = {CA9AC87F-097E-4F15-8393-4BC07735A5B0}
		{B260FF0D-EA6D-4853-9967-DD7C999D6A5D} = {CA9AC87F-097E-4F15-8393-4BC07735A5B0}
		{74700818-3A3D-4BC6-BEB5-C961362A6C4D} = {203B61A4-A9A0-4E46-8A4D-CCD8F39FC089}
		{EEC4D7E6-4129-4B76-87B9-5C937ED64830} = {203B61A4-A9A0-4E46-8A4D-CCD8F39FC089}
		{4DEB4A15-761B-4DA3-8F79-42D81229F6D2} = {203B61A4-A9A0-4E46-8A4D-CCD8F39FC089}
		{A4825DDD-B042-4DE7-9F27-6C07518D0874} = {203B61A4-A9A0-4E46-8A4D-CCD8F39FC089}
		{C4C4AD3F-DAE7-4C81-A2C9-1386C2BB60D9} = {203B61A4-A9A0-4E46-8A4D-CCD8F39FC089}
		{538C4BFA-97A2-4060-B447-4186985F3956} = {203B61A4-A9A0-4E46-8A4D-CCD8F39FC089}
	EndGlobalSection
	GlobalSection(ExtensibilityGlobals) = postSolution
		SolutionGuid = {28315BFD-90E7-4E14-A2EA-F3D23AF4126F}
	EndGlobalSection
EndGlobal
